
Microsoft Visual Studio Solution File, Format Version 12.00
# Visual Studio Version 17
VisualStudioVersion = 17.7.34031.279
MinimumVisualStudioVersion = 10.0.40219.1
Project("{FAE04EC0-301F-11D3-BF4B-00C04F79EFBC}") = "Sea battle", "Sea battle\Sea battle.csproj", "{AA996C35-8394-4406-A536-EC24D75E49CA}"
EndProject
Global
	GlobalSection(SolutionConfigurationPlatforms) = preSolution
		Debug|Any CPU = Debug|Any CPU
		Release|Any CPU = Release|Any CPU
	EndGlobalSection
	GlobalSection(ProjectConfigurationPlatforms) = postSolution
		{AA996C35-8394-4406-A536-EC24D75E49CA}.Debug|Any CPU.ActiveCfg = Debug|Any CPU
		{AA996C35-8394-4406-A536-EC24D75E49CA}.Debug|Any CPU.Build.0 = Debug|Any CPU
		{AA996C35-8394-4406-A536-EC24D75E49CA}.Release|Any CPU.ActiveCfg = Release|Any CPU
		{AA996C35-8394-4406-A536-EC24D75E49CA}.Release|Any CPU.Build.0 = Release|Any CPU
	EndGlobalSection
	GlobalSection(SolutionProperties) = preSolution
		HideSolutionNode = FALSE
	EndGlobalSection
	GlobalSection(ExtensibilityGlobals) = postSolution
		SolutionGuid = {7EE6C990-AEA5-4233-A4BB-0839B8221CFA}
	EndGlobalSection
EndGlobal
